{
  "version": 4,
  "terraform_version": "1.1.4",
  "serial": 4,
  "lineage": "30685f30-3079-7ef1-0d2b-03758e95137a",
  "outputs": {},
  "resources": [
    {
      "mode": "data",
      "type": "aws_ecs_cluster",
      "name": "cluster",
      "provider": "provider[\"registry.terraform.io/hashicorp/aws\"]",
      "instances": [
        {
          "schema_version": 0,
          "attributes": {
            "arn": "arn:aws:ecs:us-east-1:561656980159:cluster/learn",
            "cluster_name": "learn",
            "id": "arn:aws:ecs:us-east-1:561656980159:cluster/learn",
            "pending_tasks_count": 0,
            "registered_container_instances_count": 0,
            "running_tasks_count": 1,
            "setting": [
              {
                "name": "containerInsights",
                "value": "disabled"
              }
            ],
            "status": "ACTIVE"
          },
          "sensitive_attributes": []
        }
      ]
    },
    {
      "mode": "managed",
      "type": "aws_cloudwatch_log_group",
      "name": "log_group",
      "provider": "provider[\"registry.terraform.io/hashicorp/aws\"]",
      "instances": [
        {
          "schema_version": 0,
          "attributes": {
            "arn": "arn:aws:logs:us-east-1:561656980159:log-group:learn-services",
            "id": "learn-services",
            "kms_key_id": "",
            "name": "learn-services",
            "name_prefix": null,
            "retention_in_days": 0,
            "tags": null,
            "tags_all": {
              "Purpose": "learn vault-agent-ecs",
              "Service": "hashicups"
            }
          },
          "sensitive_attributes": [],
          "private": "bnVsbA=="
        }
      ]
    },
    {
      "mode": "managed",
      "type": "aws_ecs_service",
      "name": "product_api",
      "provider": "provider[\"registry.terraform.io/hashicorp/aws\"]",
      "instances": [
        {
          "schema_version": 0,
          "attributes": {
            "capacity_provider_strategy": [],
            "cluster": "arn:aws:ecs:us-east-1:561656980159:cluster/learn",
            "deployment_circuit_breaker": [
              {
                "enable": false,
                "rollback": false
              }
            ],
            "deployment_controller": [
              {
                "type": "ECS"
              }
            ],
            "deployment_maximum_percent": 200,
            "deployment_minimum_healthy_percent": 100,
            "desired_count": 1,
            "enable_ecs_managed_tags": false,
            "enable_execute_command": true,
            "force_new_deployment": null,
            "health_check_grace_period_seconds": 0,
            "iam_role": "aws-service-role",
            "id": "arn:aws:ecs:us-east-1:561656980159:service/learn/product-api",
            "launch_type": "FARGATE",
            "load_balancer": [
              {
                "container_name": "product-api",
                "container_port": 9090,
                "elb_name": "",
                "target_group_arn": "arn:aws:elasticloadbalancing:us-east-1:561656980159:targetgroup/product-api/cb6e4f8b50194ab2"
              }
            ],
            "name": "product-api",
            "network_configuration": [
              {
                "assign_public_ip": false,
                "security_groups": [
                  "sg-0099c481a3ebd4829",
                  "sg-0a2019acbee998e58"
                ],
                "subnets": [
                  "subnet-04ad692eea5e0ac4b",
                  "subnet-08bb313ee4426a7ca"
                ]
              }
            ],
            "ordered_placement_strategy": [],
            "placement_constraints": [],
            "platform_version": "LATEST",
            "propagate_tags": "TASK_DEFINITION",
            "scheduling_strategy": "REPLICA",
            "service_registries": [],
            "tags": null,
            "tags_all": {
              "Purpose": "learn vault-agent-ecs",
              "Service": "hashicups"
            },
            "task_definition": "arn:aws:ecs:us-east-1:561656980159:task-definition/product-api:1",
            "timeouts": null,
            "wait_for_steady_state": false
          },
          "sensitive_attributes": [],
          "private": "eyJlMmJmYjczMC1lY2FhLTExZTYtOGY4OC0zNDM2M2JjN2M0YzAiOnsiZGVsZXRlIjoxMjAwMDAwMDAwMDAwfX0=",
          "dependencies": [
            "aws_cloudwatch_log_group.log_group",
            "data.aws_ecs_cluster.cluster",
            "module.product_api.aws_ecs_task_definition.task"
          ]
        }
      ]
    },
    {
      "module": "module.product_api",
      "mode": "managed",
      "type": "aws_ecs_task_definition",
      "name": "task",
      "provider": "provider[\"registry.terraform.io/hashicorp/aws\"]",
      "instances": [
        {
          "schema_version": 1,
          "attributes": {
            "arn": "arn:aws:ecs:us-east-1:561656980159:task-definition/product-api:1",
            "container_definitions": "[{\"cpu\":0,\"dependsOn\":[{\"condition\":\"HEALTHY\",\"containerName\":\"vault-agent\"}],\"environment\":[{\"name\":\"CONFIG_FILE\",\"value\":\"/config/conf.json\"},{\"name\":\"NAME\",\"value\":\"product-api\"}],\"essential\":true,\"image\":\"hashicorpdemoapp/product-api:v0.0.19\",\"mountPoints\":[{\"containerPath\":\"/config\",\"readOnly\":true,\"sourceVolume\":\"vault\"}],\"name\":\"product-api\",\"portMappings\":[{\"containerPort\":9090,\"hostPort\":9090,\"protocol\":\"tcp\"}],\"volumesFrom\":[]},{\"cpu\":0,\"environment\":[{\"name\":\"TARGET_FILE_NAME\",\"value\":\"conf.json\"},{\"name\":\"VAULT_ADDR\",\"value\":\"https://learn.private.vault.11eb3a47-8920-4714-ba99-0242ac11000e.aws.hashicorp.cloud:8200\"},{\"name\":\"VAULT_AGENT_EXIT_AFTER_AUTH\",\"value\":\"false\"},{\"name\":\"VAULT_AGENT_TEMPLATE\",\"value\":\"ewogIHt7LSB3aXRoIHNlY3JldCAibGVhcm4vZGF0YWJhc2UvY3JlZHMvcHJvZHVjdCIgfX0KICAiZGJfY29ubmVjdGlvbiI6ICJob3N0PWxlYXJuLXByb2R1Y3QtZGItNTRkNGIzNDk0MjkwY2Q1Zi5lbGIudXMtZWFzdC0xLmFtYXpvbmF3cy5jb20gcG9ydD01NDMyIHVzZXI9e3sgLkRhdGEudXNlcm5hbWUgfX0gcGFzc3dvcmQ9e3sgLkRhdGEucGFzc3dvcmQgfX0gZGJuYW1lPXByb2R1Y3RzIHNzbG1vZGU9ZGlzYWJsZSIsCiAge3stIGVuZCB9fQogICJiaW5kX2FkZHJlc3MiOiAiOjkwOTAiLAogICJtZXRyaWNzX2FkZHJlc3MiOiAiOjkxMDIiCn0=\"},{\"name\":\"VAULT_NAMESPACE\",\"value\":\"admin\"},{\"name\":\"VAULT_ROLE\",\"value\":\"learn-product-api\"}],\"essential\":false,\"healthCheck\":{\"command\":[\"CMD-SHELL\",\"vault agent --help\"],\"interval\":5,\"retries\":3,\"timeout\":2},\"image\":\"joatmon08/vault-agent-ecs:1.9.2\",\"logConfiguration\":{\"logDriver\":\"awslogs\",\"options\":{\"awslogs-group\":\"learn-services\",\"awslogs-region\":\"us-east-1\",\"awslogs-stream-prefix\":\"product\"}},\"mountPoints\":[{\"containerPath\":\"/config\",\"readOnly\":false,\"sourceVolume\":\"vault\"}],\"name\":\"vault-agent\",\"portMappings\":[],\"volumesFrom\":[]}]",
            "cpu": "256",
            "ephemeral_storage": [],
            "execution_role_arn": "arn:aws:iam::561656980159:role/learn-product-api",
            "family": "product-api",
            "id": "product-api",
            "inference_accelerator": [],
            "ipc_mode": "",
            "memory": "512",
            "network_mode": "awsvpc",
            "pid_mode": "",
            "placement_constraints": [],
            "proxy_configuration": [],
            "requires_compatibilities": [
              "EC2",
              "FARGATE"
            ],
            "revision": 1,
            "runtime_platform": [],
            "skip_destroy": false,
            "tags": {
              "Description": "ECS task definition with Vault agent",
              "Module": "vault-task-ecs",
              "Name": ""
            },
            "tags_all": {
              "Description": "ECS task definition with Vault agent",
              "Module": "vault-task-ecs",
              "Name": "",
              "Purpose": "learn vault-agent-ecs",
              "Service": "hashicups"
            },
            "task_role_arn": "arn:aws:iam::561656980159:role/learn-product-api",
            "volume": [
              {
                "docker_volume_configuration": [],
                "efs_volume_configuration": [
                  {
                    "authorization_config": [
                      {
                        "access_point_id": "fsap-03f7311764de303c1",
                        "iam": "ENABLED"
                      }
                    ],
                    "file_system_id": "fs-0a0c2fe346848930c",
                    "root_directory": "/",
                    "transit_encryption": "ENABLED",
                    "transit_encryption_port": null
                  }
                ],
                "fsx_windows_file_server_volume_configuration": [],
                "host_path": "",
                "name": "vault"
              }
            ]
          },
          "sensitive_attributes": [
            [
              {
                "type": "get_attr",
                "value": "container_definitions"
              }
            ]
          ],
          "private": "eyJzY2hlbWFfdmVyc2lvbiI6IjEifQ==",
          "dependencies": [
            "aws_cloudwatch_log_group.log_group"
          ]
        }
      ]
    }
  ]
}
